
Microsoft Visual Studio Solution File, Format Version 12.00
# Visual Studio 2013
VisualStudioVersion = 12.0.21005.1
MinimumVisualStudioVersion = 10.0.40219.1
Project("{FAE04EC0-301F-11D3-BF4B-00C04F79EFBC}") = "Module1", "Module1\Module1.csproj", "{C9E7EDB4-62C7-4F7A-965E-19CA8B6D38DB}"
EndProject
Project("{2150E333-8FDC-42A3-9474-1A3956D46DE8}") = "Solution Items", "Solution Items", "{58549FCD-E255-4BEE-B864-70A79D560980}"
	ProjectSection(SolutionItems) = preProject
		README.md = README.md
	EndProjectSection
EndProject
Project("{FAE04EC0-301F-11D3-BF4B-00C04F79EFBC}") = "Module2", "Module2\Module2.csproj", "{3A16505B-CA1F-4383-8B2A-87269180E49F}"
EndProject
Global
	GlobalSection(SolutionConfigurationPlatforms) = preSolution
		Debug|Any CPU = Debug|Any CPU
		Release|Any CPU = Release|Any CPU
	EndGlobalSection
	GlobalSection(ProjectConfigurationPlatforms) = postSolution
		{C9E7EDB4-62C7-4F7A-965E-19CA8B6D38DB}.Debug|Any CPU.ActiveCfg = Debug|Any CPU
		{C9E7EDB4-62C7-4F7A-965E-19CA8B6D38DB}.Debug|Any CPU.Build.0 = Debug|Any CPU
		{C9E7EDB4-62C7-4F7A-965E-19CA8B6D38DB}.Release|Any CPU.ActiveCfg = Release|Any CPU
		{C9E7EDB4-62C7-4F7A-965E-19CA8B6D38DB}.Release|Any CPU.Build.0 = Release|Any CPU
		{3A16505B-CA1F-4383-8B2A-87269180E49F}.Debug|Any CPU.ActiveCfg = Debug|Any CPU
		{3A16505B-CA1F-4383-8B2A-87269180E49F}.Debug|Any CPU.Build.0 = Debug|Any CPU
		{3A16505B-CA1F-4383-8B2A-87269180E49F}.Release|Any CPU.ActiveCfg = Release|Any CPU
		{3A16505B-CA1F-4383-8B2A-87269180E49F}.Release|Any CPU.Build.0 = Release|Any CPU
	EndGlobalSection
	GlobalSection(SolutionProperties) = preSolution
		HideSolutionNode = FALSE
	EndGlobalSection
EndGlobal
